
Microsoft Visual Studio Solution File, Format Version 12.00
# Visual Studio Version 17
VisualStudioVersion = 17.5.2.0
MinimumVisualStudioVersion = 10.0.40219.1
Project("{2150E333-8FDC-42A3-9474-1A3956D46DE8}") = "src", "src", "{827E0CD3-B72D-47B6-A68D-7590B98EB39B}"
EndProject
Project("{FAE04EC0-301F-11D3-BF4B-00C04F79EFBC}") = "WebApp", "src\WebApp\WebApp.csproj", "{37B27939-1AF7-41C8-A7B5-70CF2076BF1D}"
EndProject
Project("{2150E333-8FDC-42A3-9474-1A3956D46DE8}") = "tests", "tests", "{0AB3BF05-4346-4AA6-1389-037BE0695223}"
EndProject
Project("{FAE04EC0-301F-11D3-BF4B-00C04F79EFBC}") = "WebApp.UnitTests", "tests\WebApp.UnitTests\WebApp.UnitTests.csproj", "{6851EB28-F27F-4050-8D11-887CAFCDFF2D}"
EndProject
Global
	GlobalSection(SolutionConfigurationPlatforms) = preSolution
		Debug|Any CPU = Debug|Any CPU
		Debug|x64 = Debug|x64
		Debug|x86 = Debug|x86
		Release|Any CPU = Release|Any CPU
		Release|x64 = Release|x64
		Release|x86 = Release|x86
	EndGlobalSection
	GlobalSection(ProjectConfigurationPlatforms) = postSolution
		{37B27939-1AF7-41C8-A7B5-70CF2076BF1D}.Debug|Any CPU.ActiveCfg = Debug|Any CPU
		{37B27939-1AF7-41C8-A7B5-70CF2076BF1D}.Debug|Any CPU.Build.0 = Debug|Any CPU
		{37B27939-1AF7-41C8-A7B5-70CF2076BF1D}.Debug|x64.ActiveCfg = Debug|Any CPU
		{37B27939-1AF7-41C8-A7B5-70CF2076BF1D}.Debug|x64.Build.0 = Debug|Any CPU
		{37B27939-1AF7-41C8-A7B5-70CF2076BF1D}.Debug|x86.ActiveCfg = Debug|Any CPU
		{37B27939-1AF7-41C8-A7B5-70CF2076BF1D}.Debug|x86.Build.0 = Debug|Any CPU
		{37B27939-1AF7-41C8-A7B5-70CF2076BF1D}.Release|Any CPU.ActiveCfg = Release|Any CPU
		{37B27939-1AF7-41C8-A7B5-70CF2076BF1D}.Release|Any CPU.Build.0 = Release|Any CPU
		{37B27939-1AF7-41C8-A7B5-70CF2076BF1D}.Release|x64.ActiveCfg = Release|Any CPU
		{37B27939-1AF7-41C8-A7B5-70CF2076BF1D}.Release|x64.Build.0 = Release|Any CPU
		{37B27939-1AF7-41C8-A7B5-70CF2076BF1D}.Release|x86.ActiveCfg = Release|Any CPU
		{37B27939-1AF7-41C8-A7B5-70CF2076BF1D}.Release|x86.Build.0 = Release|Any CPU
		{6851EB28-F27F-4050-8D11-887CAFCDFF2D}.Debug|Any CPU.ActiveCfg = Debug|Any CPU
		{6851EB28-F27F-4050-8D11-887CAFCDFF2D}.Debug|Any CPU.Build.0 = Debug|Any CPU
		{6851EB28-F27F-4050-8D11-887CAFCDFF2D}.Debug|x64.ActiveCfg = Debug|Any CPU
		{6851EB28-F27F-4050-8D11-887CAFCDFF2D}.Debug|x64.Build.0 = Debug|Any CPU
		{6851EB28-F27F-4050-8D11-887CAFCDFF2D}.Debug|x86.ActiveCfg = Debug|Any CPU
		{6851EB28-F27F-4050-8D11-887CAFCDFF2D}.Debug|x86.Build.0 = Debug|Any CPU
		{6851EB28-F27F-4050-8D11-887CAFCDFF2D}.Release|Any CPU.ActiveCfg = Release|Any CPU
		{6851EB28-F27F-4050-8D11-887CAFCDFF2D}.Release|Any CPU.Build.0 = Release|Any CPU
		{6851EB28-F27F-4050-8D11-887CAFCDFF2D}.Release|x64.ActiveCfg = Release|Any CPU
		{6851EB28-F27F-4050-8D11-887CAFCDFF2D}.Release|x64.Build.0 = Release|Any CPU
		{6851EB28-F27F-4050-8D11-887CAFCDFF2D}.Release|x86.ActiveCfg = Release|Any CPU
		{6851EB28-F27F-4050-8D11-887CAFCDFF2D}.Release|x86.Build.0 = Release|Any CPU
	EndGlobalSection
	GlobalSection(SolutionProperties) = preSolution
		HideSolutionNode = FALSE
	EndGlobalSection
	GlobalSection(NestedProjects) = preSolution
		{37B27939-1AF7-41C8-A7B5-70CF2076BF1D} = {827E0CD3-B72D-47B6-A68D-7590B98EB39B}
		{6851EB28-F27F-4050-8D11-887CAFCDFF2D} = {0AB3BF05-4346-4AA6-1389-037BE0695223}
	EndGlobalSection
	GlobalSection(ExtensibilityGlobals) = postSolution
		SolutionGuid = {E604ABA2-5D10-4393-874E-BF37BFF79C4A}
	EndGlobalSection
EndGlobal
